{
    "name": "entangle",
    "version": "1.0.0",
    "lockfileVersion": 1,
    "requires": true,
    "dependencies": {
        "commander": {
            "version": "2.14.1",
            "resolved": "https://registry.npmjs.org/commander/-/commander-2.14.1.tgz",
            "integrity": "sha512-+YR16o3rK53SmWHU3rEM3tPAh2rwb1yPcQX5irVn7mb0gXbwuCCrnkbV5+PBfETdfg1vui07nM6PCG1zndcjQw=="
        },
        "node-watch": {
            "version": "0.5.7",
            "resolved": "https://registry.npmjs.org/node-watch/-/node-watch-0.5.7.tgz",
            "integrity": "sha512-WIWltUV45Sle6cZTQbQbYKcdqAEWnMOn+H0GREHUQcgikX3ULb46pDg+IkrwzH/rUvgBHu5KsrZ1RbwQ6ASjoQ=="
        },
        "vscode-ripgrep": {
            "version": "0.7.1-patch.1.5",
            "resolved": "https://registry.npmjs.org/vscode-ripgrep/-/vscode-ripgrep-0.7.1-patch.1.5.tgz",
            "integrity": "sha1-ofGwN3Cd4IdTOwA7E8tSa7Ob6HY="
        }
    }
}
